
Microsoft Visual Studio Solution File, Format Version 12.00
Project("{FAE04EC0-301F-11D3-BF4B-00C04F79EFBC}") = "LeadStatusUpdater.Service", "LeadStatusUpdater.Service\LeadStatusUpdater.Service.csproj", "{C6081CDC-5042-4E43-A632-6FDF7C9359E5}"
EndProject
Project("{FAE04EC0-301F-11D3-BF4B-00C04F79EFBC}") = "LeadStatusUpdater.Business", "LeadStatusUpdater.Business\LeadStatusUpdater.Business.csproj", "{9650141B-7FCD-4CD8-B58D-E9E6B8E81CD5}"
EndProject
Global
	GlobalSection(SolutionConfigurationPlatforms) = preSolution
		Debug|Any CPU = Debug|Any CPU
		Release|Any CPU = Release|Any CPU
	EndGlobalSection
	GlobalSection(ProjectConfigurationPlatforms) = postSolution
		{C6081CDC-5042-4E43-A632-6FDF7C9359E5}.Debug|Any CPU.ActiveCfg = Debug|Any CPU
		{C6081CDC-5042-4E43-A632-6FDF7C9359E5}.Debug|Any CPU.Build.0 = Debug|Any CPU
		{C6081CDC-5042-4E43-A632-6FDF7C9359E5}.Release|Any CPU.ActiveCfg = Release|Any CPU
		{C6081CDC-5042-4E43-A632-6FDF7C9359E5}.Release|Any CPU.Build.0 = Release|Any CPU
		{9650141B-7FCD-4CD8-B58D-E9E6B8E81CD5}.Debug|Any CPU.ActiveCfg = Debug|Any CPU
		{9650141B-7FCD-4CD8-B58D-E9E6B8E81CD5}.Debug|Any CPU.Build.0 = Debug|Any CPU
		{9650141B-7FCD-4CD8-B58D-E9E6B8E81CD5}.Release|Any CPU.ActiveCfg = Release|Any CPU
		{9650141B-7FCD-4CD8-B58D-E9E6B8E81CD5}.Release|Any CPU.Build.0 = Release|Any CPU
	EndGlobalSection
EndGlobal
